
Microsoft Visual Studio Solution File, Format Version 12.00
# Visual Studio Version 17
VisualStudioVersion = 17.14.36603.0
MinimumVisualStudioVersion = 10.0.40219.1
Project("{FAE04EC0-301F-11D3-BF4B-00C04F79EFBC}") = "ShoppingListApp", "ShoppingListApp.csproj", "{930D8BB2-CBA1-4423-BC16-13BC065C80B8}"
EndProject
Project("{FAE04EC0-301F-11D3-BF4B-00C04F79EFBC}") = "ShoppingListApp.Tests", "..\ShoppingListApp.Tests\ShoppingListApp.Tests.csproj", "{5B741E75-78F3-4B2F-A20F-BF354419F04C}"
EndProject
Global
	GlobalSection(SolutionConfigurationPlatforms) = preSolution
		Debug|Any CPU = Debug|Any CPU
		Debug|x64 = Debug|x64
		Debug|x86 = Debug|x86
		Release|Any CPU = Release|Any CPU
		Release|x64 = Release|x64
		Release|x86 = Release|x86
	EndGlobalSection
	GlobalSection(ProjectConfigurationPlatforms) = postSolution
		{930D8BB2-CBA1-4423-BC16-13BC065C80B8}.Debug|Any CPU.ActiveCfg = Debug|Any CPU
		{930D8BB2-CBA1-4423-BC16-13BC065C80B8}.Debug|Any CPU.Build.0 = Debug|Any CPU
		{930D8BB2-CBA1-4423-BC16-13BC065C80B8}.Debug|x64.ActiveCfg = Debug|Any CPU
		{930D8BB2-CBA1-4423-BC16-13BC065C80B8}.Debug|x64.Build.0 = Debug|Any CPU
		{930D8BB2-CBA1-4423-BC16-13BC065C80B8}.Debug|x86.ActiveCfg = Debug|Any CPU
		{930D8BB2-CBA1-4423-BC16-13BC065C80B8}.Debug|x86.Build.0 = Debug|Any CPU
		{930D8BB2-CBA1-4423-BC16-13BC065C80B8}.Release|Any CPU.ActiveCfg = Release|Any CPU
		{930D8BB2-CBA1-4423-BC16-13BC065C80B8}.Release|Any CPU.Build.0 = Release|Any CPU
		{930D8BB2-CBA1-4423-BC16-13BC065C80B8}.Release|x64.ActiveCfg = Release|Any CPU
		{930D8BB2-CBA1-4423-BC16-13BC065C80B8}.Release|x64.Build.0 = Release|Any CPU
		{930D8BB2-CBA1-4423-BC16-13BC065C80B8}.Release|x86.ActiveCfg = Release|Any CPU
		{930D8BB2-CBA1-4423-BC16-13BC065C80B8}.Release|x86.Build.0 = Release|Any CPU
		{5B741E75-78F3-4B2F-A20F-BF354419F04C}.Debug|Any CPU.ActiveCfg = Debug|Any CPU
		{5B741E75-78F3-4B2F-A20F-BF354419F04C}.Debug|Any CPU.Build.0 = Debug|Any CPU
		{5B741E75-78F3-4B2F-A20F-BF354419F04C}.Debug|x64.ActiveCfg = Debug|Any CPU
		{5B741E75-78F3-4B2F-A20F-BF354419F04C}.Debug|x64.Build.0 = Debug|Any CPU
		{5B741E75-78F3-4B2F-A20F-BF354419F04C}.Debug|x86.ActiveCfg = Debug|Any CPU
		{5B741E75-78F3-4B2F-A20F-BF354419F04C}.Debug|x86.Build.0 = Debug|Any CPU
		{5B741E75-78F3-4B2F-A20F-BF354419F04C}.Release|Any CPU.ActiveCfg = Release|Any CPU
		{5B741E75-78F3-4B2F-A20F-BF354419F04C}.Release|Any CPU.Build.0 = Release|Any CPU
		{5B741E75-78F3-4B2F-A20F-BF354419F04C}.Release|x64.ActiveCfg = Release|Any CPU
		{5B741E75-78F3-4B2F-A20F-BF354419F04C}.Release|x64.Build.0 = Release|Any CPU
		{5B741E75-78F3-4B2F-A20F-BF354419F04C}.Release|x86.ActiveCfg = Release|Any CPU
		{5B741E75-78F3-4B2F-A20F-BF354419F04C}.Release|x86.Build.0 = Release|Any CPU
	EndGlobalSection
	GlobalSection(SolutionProperties) = preSolution
		HideSolutionNode = FALSE
	EndGlobalSection
	GlobalSection(ExtensibilityGlobals) = postSolution
		SolutionGuid = {E1BFBA5E-32DA-4096-B032-9B4AC2C811A4}
	EndGlobalSection
EndGlobal
